
Microsoft Visual Studio Solution File, Format Version 12.00
# Visual Studio 15
VisualStudioVersion = 15.0.26430.14
MinimumVisualStudioVersion = 10.0.40219.1
Project("{F2A71F9B-5D33-465A-A702-920D77279786}") = "FountainSharp.Parse", "FountainSharp.Parse\FountainSharp.Parse.fsproj", "{5C25E5F6-6E91-4497-9DA0-CC5F6A1083B7}"
EndProject
Project("{F2A71F9B-5D33-465A-A702-920D77279786}") = "FountainSharp.Parse.Tests", "TestProjects\FountainSharp.Parse.Tests\FountainSharp.Parse.Tests.fsproj", "{53A87A1F-1756-43C3-BF8A-BB1696439DC7}"
EndProject
Project("{F2A71F9B-5D33-465A-A702-920D77279786}") = "FountainSharp.Parse.MobilePCL", "FountainSharp.Parse.MobilePCL\FountainSharp.Parse.MobilePCL.fsproj", "{EF7FFC79-964B-41EC-A90F-BBDE329D2DFD}"
EndProject
Project("{2150E333-8FDC-42A3-9474-1A3956D46DE8}") = ".nuget", ".nuget", "{232C3296-28F7-4490-96E9-1655FA2E9043}"
	ProjectSection(SolutionItems) = preProject
		.nuget\NuGet.Config = .nuget\NuGet.Config
		.nuget\NuGet.exe = .nuget\NuGet.exe
		.nuget\NuGet.targets = .nuget\NuGet.targets
	EndProjectSection
EndProject
Project("{F2A71F9B-5D33-465A-A702-920D77279786}") = "FountainSharp.Parse.NetStandard", "FountainSharp.Parse.NetStandard\FountainSharp.Parse.NetStandard.fsproj", "{42C05238-ACF1-4EF5-B13D-43E08E32A3AB}"
EndProject
Global
	GlobalSection(SolutionConfigurationPlatforms) = preSolution
		Debug|Any CPU = Debug|Any CPU
		Release|Any CPU = Release|Any CPU
	EndGlobalSection
	GlobalSection(ProjectConfigurationPlatforms) = postSolution
		{5C25E5F6-6E91-4497-9DA0-CC5F6A1083B7}.Debug|Any CPU.ActiveCfg = Debug|Any CPU
		{5C25E5F6-6E91-4497-9DA0-CC5F6A1083B7}.Debug|Any CPU.Build.0 = Debug|Any CPU
		{5C25E5F6-6E91-4497-9DA0-CC5F6A1083B7}.Release|Any CPU.ActiveCfg = Release|Any CPU
		{5C25E5F6-6E91-4497-9DA0-CC5F6A1083B7}.Release|Any CPU.Build.0 = Release|Any CPU
		{53A87A1F-1756-43C3-BF8A-BB1696439DC7}.Debug|Any CPU.ActiveCfg = Debug|Any CPU
		{53A87A1F-1756-43C3-BF8A-BB1696439DC7}.Debug|Any CPU.Build.0 = Debug|Any CPU
		{53A87A1F-1756-43C3-BF8A-BB1696439DC7}.Release|Any CPU.ActiveCfg = Release|Any CPU
		{53A87A1F-1756-43C3-BF8A-BB1696439DC7}.Release|Any CPU.Build.0 = Release|Any CPU
		{EF7FFC79-964B-41EC-A90F-BBDE329D2DFD}.Debug|Any CPU.ActiveCfg = Debug|Any CPU
		{EF7FFC79-964B-41EC-A90F-BBDE329D2DFD}.Debug|Any CPU.Build.0 = Debug|Any CPU
		{EF7FFC79-964B-41EC-A90F-BBDE329D2DFD}.Release|Any CPU.ActiveCfg = Release|Any CPU
		{EF7FFC79-964B-41EC-A90F-BBDE329D2DFD}.Release|Any CPU.Build.0 = Release|Any CPU
		{42C05238-ACF1-4EF5-B13D-43E08E32A3AB}.Debug|Any CPU.ActiveCfg = Debug|Any CPU
		{42C05238-ACF1-4EF5-B13D-43E08E32A3AB}.Release|Any CPU.ActiveCfg = Release|Any CPU
		{42C05238-ACF1-4EF5-B13D-43E08E32A3AB}.Release|Any CPU.Build.0 = Release|Any CPU
	EndGlobalSection
	GlobalSection(SolutionProperties) = preSolution
		HideSolutionNode = FALSE
	EndGlobalSection
EndGlobal
