
Microsoft Visual Studio Solution File, Format Version 12.00
# Visual Studio 14
VisualStudioVersion = 14.0.25420.1
MinimumVisualStudioVersion = 10.0.40219.1
Project("{f2a71f9b-5d33-465a-a702-920d77279786}") = "FountainSharp.Parse", "FountainSharp.Parse\FountainSharp.Parse.fsproj", "{5C25E5F6-6E91-4497-9DA0-CC5F6A1083B7}"
EndProject
Project("{2150E333-8FDC-42A3-9474-1A3956D46DE8}") = "TestProjects", "TestProjects", "{C794F080-C598-47E4-A1BF-FD8A051F5EB8}"
EndProject
Project("{f2a71f9b-5d33-465a-a702-920d77279786}") = "FountainSharp.Parse.Tests", "TestProjects\FountainSharp.Parse.Tests\FountainSharp.Parse.Tests.fsproj", "{53A87A1F-1756-43C3-BF8A-BB1696439DC7}"
EndProject
Project("{FAE04EC0-301F-11D3-BF4B-00C04F79EFBC}") = "FountainSharp.Editor", "TestProjects\FountainSharp.Editor\FountainSharp.Editor.csproj", "{0C9A4857-67C8-4D9C-A7D0-80E83F0CDDAE}"
EndProject
Project("{f2a71f9b-5d33-465a-a702-920d77279786}") = "FountainSharp.Parse.MobilePCL", "FountainSharp.Parse.MobilePCL\FountainSharp.Parse.MobilePCL.fsproj", "{EF7FFC79-964B-41EC-A90F-BBDE329D2DFD}"
EndProject
Project("{2150E333-8FDC-42A3-9474-1A3956D46DE8}") = ".nuget", ".nuget", "{232C3296-28F7-4490-96E9-1655FA2E9043}"
	ProjectSection(SolutionItems) = preProject
		.nuget\NuGet.Config = .nuget\NuGet.Config
		.nuget\NuGet.exe = .nuget\NuGet.exe
		.nuget\NuGet.targets = .nuget\NuGet.targets
	EndProjectSection
EndProject
Global
	GlobalSection(SolutionConfigurationPlatforms) = preSolution
		Debug|Any CPU = Debug|Any CPU
		Release|Any CPU = Release|Any CPU
	EndGlobalSection
	GlobalSection(ProjectConfigurationPlatforms) = postSolution
		{5C25E5F6-6E91-4497-9DA0-CC5F6A1083B7}.Debug|Any CPU.ActiveCfg = Debug|Any CPU
		{5C25E5F6-6E91-4497-9DA0-CC5F6A1083B7}.Debug|Any CPU.Build.0 = Debug|Any CPU
		{5C25E5F6-6E91-4497-9DA0-CC5F6A1083B7}.Release|Any CPU.ActiveCfg = Release|Any CPU
		{5C25E5F6-6E91-4497-9DA0-CC5F6A1083B7}.Release|Any CPU.Build.0 = Release|Any CPU
		{53A87A1F-1756-43C3-BF8A-BB1696439DC7}.Debug|Any CPU.ActiveCfg = Debug|Any CPU
		{53A87A1F-1756-43C3-BF8A-BB1696439DC7}.Debug|Any CPU.Build.0 = Debug|Any CPU
		{53A87A1F-1756-43C3-BF8A-BB1696439DC7}.Release|Any CPU.ActiveCfg = Release|Any CPU
		{53A87A1F-1756-43C3-BF8A-BB1696439DC7}.Release|Any CPU.Build.0 = Release|Any CPU
		{0C9A4857-67C8-4D9C-A7D0-80E83F0CDDAE}.Debug|Any CPU.ActiveCfg = Debug|Any CPU
		{0C9A4857-67C8-4D9C-A7D0-80E83F0CDDAE}.Debug|Any CPU.Build.0 = Debug|Any CPU
		{0C9A4857-67C8-4D9C-A7D0-80E83F0CDDAE}.Release|Any CPU.ActiveCfg = Release|Any CPU
		{EF7FFC79-964B-41EC-A90F-BBDE329D2DFD}.Debug|Any CPU.ActiveCfg = Debug|Any CPU
		{EF7FFC79-964B-41EC-A90F-BBDE329D2DFD}.Debug|Any CPU.Build.0 = Debug|Any CPU
		{EF7FFC79-964B-41EC-A90F-BBDE329D2DFD}.Release|Any CPU.ActiveCfg = Release|Any CPU
		{EF7FFC79-964B-41EC-A90F-BBDE329D2DFD}.Release|Any CPU.Build.0 = Release|Any CPU
	EndGlobalSection
	GlobalSection(SolutionProperties) = preSolution
		HideSolutionNode = FALSE
	EndGlobalSection
	GlobalSection(NestedProjects) = preSolution
		{53A87A1F-1756-43C3-BF8A-BB1696439DC7} = {C794F080-C598-47E4-A1BF-FD8A051F5EB8}
		{0C9A4857-67C8-4D9C-A7D0-80E83F0CDDAE} = {C794F080-C598-47E4-A1BF-FD8A051F5EB8}
	EndGlobalSection
EndGlobal
